// !$*UTF8*$!
{
	archiveVersion = 1;
	classes = {
	};
	objectVersion = 50;
	objects = {

/* Begin PBXBuildFile section */
		6024757823714FAB001777E7 /* AppDelegate.swift in Sources */ = {isa = PBXBuildFile; fileRef = 6024757723714FAB001777E7 /* AppDelegate.swift */; };
		6024757A23714FAB001777E7 /* SceneDelegate.swift in Sources */ = {isa = PBXBuildFile; fileRef = 6024757923714FAB001777E7 /* SceneDelegate.swift */; };
		6024757F23714FAB001777E7 /* Main.storyboard in Resources */ = {isa = PBXBuildFile; fileRef = 6024757D23714FAB001777E7 /* Main.storyboard */; };
		6024758123714FAE001777E7 /* Assets.xcassets in Resources */ = {isa = PBXBuildFile; fileRef = 6024758023714FAE001777E7 /* Assets.xcassets */; };
		6024758423714FAE001777E7 /* LaunchScreen.storyboard in Resources */ = {isa = PBXBuildFile; fileRef = 6024758223714FAE001777E7 /* LaunchScreen.storyboard */; };
		6024758F23714FAE001777E7 /* MusicAppTests.swift in Sources */ = {isa = PBXBuildFile; fileRef = 6024758E23714FAE001777E7 /* MusicAppTests.swift */; };
		6024759A23714FAE001777E7 /* MusicAppUITests.swift in Sources */ = {isa = PBXBuildFile; fileRef = 6024759923714FAE001777E7 /* MusicAppUITests.swift */; };
		602475AA237156BC001777E7 /* GenreButtonScreen.swift in Sources */ = {isa = PBXBuildFile; fileRef = 602475A9237156BC001777E7 /* GenreButtonScreen.swift */; };
/* End PBXBuildFile section */

/* Begin PBXContainerItemProxy section */
		6024758B23714FAE001777E7 /* PBXContainerItemProxy */ = {
			isa = PBXContainerItemProxy;
			containerPortal = 6024756C23714FAB001777E7 /* Project object */;
			proxyType = 1;
			remoteGlobalIDString = 6024757323714FAB001777E7;
			remoteInfo = MusicApp;
		};
		6024759623714FAE001777E7 /* PBXContainerItemProxy */ = {
			isa = PBXContainerItemProxy;
			containerPortal = 6024756C23714FAB001777E7 /* Project object */;
			proxyType = 1;
			remoteGlobalIDString = 6024757323714FAB001777E7;
			remoteInfo = MusicApp;
		};
/* End PBXContainerItemProxy section */

/* Begin PBXFileReference section */
		6024757423714FAB001777E7 /* Soundz.app */ = {isa = PBXFileReference; explicitFileType = wrapper.application; includeInIndex = 0; path = Soundz.app; sourceTree = BUILT_PRODUCTS_DIR; };
		6024757723714FAB001777E7 /* AppDelegate.swift */ = {isa = PBXFileReference; lastKnownFileType = sourcecode.swift; path = AppDelegate.swift; sourceTree = "<group>"; };
		6024757923714FAB001777E7 /* SceneDelegate.swift */ = {isa = PBXFileReference; lastKnownFileType = sourcecode.swift; path = SceneDelegate.swift; sourceTree = "<group>"; };
		6024757E23714FAB001777E7 /* Base */ = {isa = PBXFileReference; lastKnownFileType = file.storyboard; name = Base; path = Base.lproj/Main.storyboard; sourceTree = "<group>"; };
		6024758023714FAE001777E7 /* Assets.xcassets */ = {isa = PBXFileReference; lastKnownFileType = folder.assetcatalog; path = Assets.xcassets; sourceTree = "<group>"; };
		6024758323714FAE001777E7 /* Base */ = {isa = PBXFileReference; lastKnownFileType = file.storyboard; name = Base; path = Base.lproj/LaunchScreen.storyboard; sourceTree = "<group>"; };
		6024758523714FAE001777E7 /* Info.plist */ = {isa = PBXFileReference; lastKnownFileType = text.plist.xml; path = Info.plist; sourceTree = "<group>"; };
		6024758A23714FAE001777E7 /* MusicAppTests.xctest */ = {isa = PBXFileReference; explicitFileType = wrapper.cfbundle; includeInIndex = 0; path = MusicAppTests.xctest; sourceTree = BUILT_PRODUCTS_DIR; };
		6024758E23714FAE001777E7 /* MusicAppTests.swift */ = {isa = PBXFileReference; lastKnownFileType = sourcecode.swift; path = MusicAppTests.swift; sourceTree = "<group>"; };
		6024759023714FAE001777E7 /* Info.plist */ = {isa = PBXFileReference; lastKnownFileType = text.plist.xml; path = Info.plist; sourceTree = "<group>"; };
		6024759523714FAE001777E7 /* MusicAppUITests.xctest */ = {isa = PBXFileReference; explicitFileType = wrapper.cfbundle; includeInIndex = 0; path = MusicAppUITests.xctest; sourceTree = BUILT_PRODUCTS_DIR; };
		6024759923714FAE001777E7 /* MusicAppUITests.swift */ = {isa = PBXFileReference; lastKnownFileType = sourcecode.swift; path = MusicAppUITests.swift; sourceTree = "<group>"; };
		6024759B23714FAE001777E7 /* Info.plist */ = {isa = PBXFileReference; lastKnownFileType = text.plist.xml; path = Info.plist; sourceTree = "<group>"; };
		602475A9237156BC001777E7 /* GenreButtonScreen.swift */ = {isa = PBXFileReference; lastKnownFileType = sourcecode.swift; name = GenreButtonScreen.swift; path = MusicApp/GenreButtonScreen.swift; sourceTree = SOURCE_ROOT; };
/* End PBXFileReference section */

/* Begin PBXFrameworksBuildPhase section */
		6024757123714FAB001777E7 /* Frameworks */ = {
			isa = PBXFrameworksBuildPhase;
			buildActionMask = 2147483647;
			files = (
			);
			runOnlyForDeploymentPostprocessing = 0;
		};
		6024758723714FAE001777E7 /* Frameworks */ = {
			isa = PBXFrameworksBuildPhase;
			buildActionMask = 2147483647;
			files = (
			);
			runOnlyForDeploymentPostprocessing = 0;
		};
		6024759223714FAE001777E7 /* Frameworks */ = {
			isa = PBXFrameworksBuildPhase;
			buildActionMask = 2147483647;
			files = (
			);
			runOnlyForDeploymentPostprocessing = 0;
		};
/* End PBXFrameworksBuildPhase section */

/* Begin PBXGroup section */
		6024756B23714FAB001777E7 = {
			isa = PBXGroup;
			children = (
				6024757623714FAB001777E7 /* MusicApp */,
				6024758D23714FAE001777E7 /* MusicAppTests */,
				6024759823714FAE001777E7 /* MusicAppUITests */,
				6024757523714FAB001777E7 /* Products */,
			);
			sourceTree = "<group>";
		};
		6024757523714FAB001777E7 /* Products */ = {
			isa = PBXGroup;
			children = (
				6024757423714FAB001777E7 /* Soundz.app */,
				6024758A23714FAE001777E7 /* MusicAppTests.xctest */,
				6024759523714FAE001777E7 /* MusicAppUITests.xctest */,
			);
			name = Products;
			sourceTree = "<group>";
		};
		6024757623714FAB001777E7 /* MusicApp */ = {
			isa = PBXGroup;
			children = (
				6024757723714FAB001777E7 /* AppDelegate.swift */,
				6024757923714FAB001777E7 /* SceneDelegate.swift */,
				6024757D23714FAB001777E7 /* Main.storyboard */,
				602475A9237156BC001777E7 /* GenreButtonScreen.swift */,
				6024758023714FAE001777E7 /* Assets.xcassets */,
				6024758223714FAE001777E7 /* LaunchScreen.storyboard */,
				6024758523714FAE001777E7 /* Info.plist */,
			);
			path = MusicApp;
			sourceTree = "<group>";
		};
		6024758D23714FAE001777E7 /* MusicAppTests */ = {
			isa = PBXGroup;
			children = (
				6024758E23714FAE001777E7 /* MusicAppTests.swift */,
				6024759023714FAE001777E7 /* Info.plist */,
			);
			path = MusicAppTests;
			sourceTree = "<group>";
		};
		6024759823714FAE001777E7 /* MusicAppUITests */ = {
			isa = PBXGroup;
			children = (
				6024759923714FAE001777E7 /* MusicAppUITests.swift */,
				6024759B23714FAE001777E7 /* Info.plist */,
			);
			path = MusicAppUITests;
			sourceTree = "<group>";
		};
/* End PBXGroup section */

/* Begin PBXNativeTarget section */
		6024757323714FAB001777E7 /* MusicApp */ = {
			isa = PBXNativeTarget;
			buildConfigurationList = 6024759E23714FAE001777E7 /* Build configuration list for PBXNativeTarget "MusicApp" */;
			buildPhases = (
				6024757023714FAB001777E7 /* Sources */,
				6024757123714FAB001777E7 /* Frameworks */,
				6024757223714FAB001777E7 /* Resources */,
			);
			buildRules = (
			);
			dependencies = (
			);
			name = MusicApp;
			productName = MusicApp;
			productReference = 6024757423714FAB001777E7 /* Soundz.app */;
			productType = "com.apple.product-type.application";
		};
		6024758923714FAE001777E7 /* MusicAppTests */ = {
			isa = PBXNativeTarget;
			buildConfigurationList = 602475A123714FAE001777E7 /* Build configuration list for PBXNativeTarget "MusicAppTests" */;
			buildPhases = (
				6024758623714FAE001777E7 /* Sources */,
				6024758723714FAE001777E7 /* Frameworks */,
				6024758823714FAE001777E7 /* Resources */,
			);
			buildRules = (
			);
			dependencies = (
				6024758C23714FAE001777E7 /* PBXTargetDependency */,
			);
			name = MusicAppTests;
			productName = MusicAppTests;
			productReference = 6024758A23714FAE001777E7 /* MusicAppTests.xctest */;
			productType = "com.apple.product-type.bundle.unit-test";
		};
		6024759423714FAE001777E7 /* MusicAppUITests */ = {
			isa = PBXNativeTarget;
			buildConfigurationList = 602475A423714FAE001777E7 /* Build configuration list for PBXNativeTarget "MusicAppUITests" */;
			buildPhases = (
				6024759123714FAE001777E7 /* Sources */,
				6024759223714FAE001777E7 /* Frameworks */,
				6024759323714FAE001777E7 /* Resources */,
			);
			buildRules = (
			);
			dependencies = (
				6024759723714FAE001777E7 /* PBXTargetDependency */,
			);
			name = MusicAppUITests;
			productName = MusicAppUITests;
			productReference = 6024759523714FAE001777E7 /* MusicAppUITests.xctest */;
			productType = "com.apple.product-type.bundle.ui-testing";
		};
/* End PBXNativeTarget section */

/* Begin PBXProject section */
		6024756C23714FAB001777E7 /* Project object */ = {
			isa = PBXProject;
			attributes = {
				LastSwiftUpdateCheck = 1120;
				LastUpgradeCheck = 1120;
				ORGANIZATIONNAME = "Brian Bugieda";
				TargetAttributes = {
					6024757323714FAB001777E7 = {
						CreatedOnToolsVersion = 11.2;
					};
					6024758923714FAE001777E7 = {
						CreatedOnToolsVersion = 11.2;
						TestTargetID = 6024757323714FAB001777E7;
					};
					6024759423714FAE001777E7 = {
						CreatedOnToolsVersion = 11.2;
						TestTargetID = 6024757323714FAB001777E7;
					};
				};
			};
			buildConfigurationList = 6024756F23714FAB001777E7 /* Build configuration list for PBXProject "MusicApp" */;
			compatibilityVersion = "Xcode 9.3";
			developmentRegion = en;
			hasScannedForEncodings = 0;
			knownRegions = (
				en,
				Base,
			);
			mainGroup = 6024756B23714FAB001777E7;
			productRefGroup = 6024757523714FAB001777E7 /* Products */;
			projectDirPath = "";
			projectRoot = "";
			targets = (
				6024757323714FAB001777E7 /* MusicApp */,
				6024758923714FAE001777E7 /* MusicAppTests */,
				6024759423714FAE001777E7 /* MusicAppUITests */,
			);
		};
/* End PBXProject section */

/* Begin PBXResourcesBuildPhase section */
		6024757223714FAB001777E7 /* Resources */ = {
			isa = PBXResourcesBuildPhase;
			buildActionMask = 2147483647;
			files = (
				6024758423714FAE001777E7 /* LaunchScreen.storyboard in Resources */,
				6024758123714FAE001777E7 /* Assets.xcassets in Resources */,
				6024757F23714FAB001777E7 /* Main.storyboard in Resources */,
			);
			runOnlyForDeploymentPostprocessing = 0;
		};
		6024758823714FAE001777E7 /* Resources */ = {
			isa = PBXResourcesBuildPhase;
			buildActionMask = 2147483647;
			files = (
			);
			runOnlyForDeploymentPostprocessing = 0;
		};
		6024759323714FAE001777E7 /* Resources */ = {
			isa = PBXResourcesBuildPhase;
			buildActionMask = 2147483647;
			files = (
			);
			runOnlyForDeploymentPostprocessing = 0;
		};
/* End PBXResourcesBuildPhase section */

/* Begin PBXSourcesBuildPhase section */
		6024757023714FAB001777E7 /* Sources */ = {
			isa = PBXSourcesBuildPhase;
			buildActionMask = 2147483647;
			files = (
				6024757823714FAB001777E7 /* AppDelegate.swift in Sources */,
				6024757A23714FAB001777E7 /* SceneDelegate.swift in Sources */,
				602475AA237156BC001777E7 /* GenreButtonScreen.swift in Sources */,
			);
			runOnlyForDeploymentPostprocessing = 0;
		};
		6024758623714FAE001777E7 /* Sources */ = {
			isa = PBXSourcesBuildPhase;
			buildActionMask = 2147483647;
			files = (
				6024758F23714FAE001777E7 /* MusicAppTests.swift in Sources */,
			);
			runOnlyForDeploymentPostprocessing = 0;
		};
		6024759123714FAE001777E7 /* Sources */ = {
			isa = PBXSourcesBuildPhase;
			buildActionMask = 2147483647;
			files = (
				6024759A23714FAE001777E7 /* MusicAppUITests.swift in Sources */,
			);
			runOnlyForDeploymentPostprocessing = 0;
		};
/* End PBXSourcesBuildPhase section */

/* Begin PBXTargetDependency section */
		6024758C23714FAE001777E7 /* PBXTargetDependency */ = {
			isa = PBXTargetDependency;
			target = 6024757323714FAB001777E7 /* MusicApp */;
			targetProxy = 6024758B23714FAE001777E7 /* PBXContainerItemProxy */;
		};
		6024759723714FAE001777E7 /* PBXTargetDependency */ = {
			isa = PBXTargetDependency;
			target = 6024757323714FAB001777E7 /* MusicApp */;
			targetProxy = 6024759623714FAE001777E7 /* PBXContainerItemProxy */;
		};
/* End PBXTargetDependency section */

/* Begin PBXVariantGroup section */
		6024757D23714FAB001777E7 /* Main.storyboard */ = {
			isa = PBXVariantGroup;
			children = (
				6024757E23714FAB001777E7 /* Base */,
			);
			name = Main.storyboard;
			sourceTree = "<group>";
		};
		6024758223714FAE001777E7 /* LaunchScreen.storyboard */ = {
			isa = PBXVariantGroup;
			children = (
				6024758323714FAE001777E7 /* Base */,
			);
			name = LaunchScreen.storyboard;
			sourceTree = "<group>";
		};
/* End PBXVariantGroup section */

/* Begin XCBuildConfiguration section */
		6024759C23714FAE001777E7 /* Debug */ = {
			isa = XCBuildConfiguration;
			buildSettings = {
				ALWAYS_SEARCH_USER_PATHS = NO;
				CLANG_ANALYZER_NONNULL = YES;
				CLANG_ANALYZER_NUMBER_OBJECT_CONVERSION = YES_AGGRESSIVE;
				CLANG_CXX_LANGUAGE_STANDARD = "gnu++14";
				CLANG_CXX_LIBRARY = "libc++";
				CLANG_ENABLE_MODULES = YES;
				CLANG_ENABLE_OBJC_ARC = YES;
				CLANG_ENABLE_OBJC_WEAK = YES;
				CLANG_WARN_BLOCK_CAPTURE_AUTORELEASING = YES;
				CLANG_WARN_BOOL_CONVERSION = YES;
				CLANG_WARN_COMMA = YES;
				CLANG_WARN_CONSTANT_CONVERSION = YES;
				CLANG_WARN_DEPRECATED_OBJC_IMPLEMENTATIONS = YES;
				CLANG_WARN_DIRECT_OBJC_ISA_USAGE = YES_ERROR;
				CLANG_WARN_DOCUMENTATION_COMMENTS = YES;
				CLANG_WARN_EMPTY_BODY = YES;
				CLANG_WARN_ENUM_CONVERSION = YES;
				CLANG_WARN_INFINITE_RECURSION = YES;
				CLANG_WARN_INT_CONVERSION = YES;
				CLANG_WARN_NON_LITERAL_NULL_CONVERSION = YES;
				CLANG_WARN_OBJC_IMPLICIT_RETAIN_SELF = YES;
				CLANG_WARN_OBJC_LITERAL_CONVERSION = YES;
				CLANG_WARN_OBJC_ROOT_CLASS = YES_ERROR;
				CLANG_WARN_RANGE_LOOP_ANALYSIS = YES;
				CLANG_WARN_STRICT_PROTOTYPES = YES;
				CLANG_WARN_SUSPICIOUS_MOVE = YES;
				CLANG_WARN_UNGUARDED_AVAILABILITY = YES_AGGRESSIVE;
				CLANG_WARN_UNREACHABLE_CODE = YES;
				CLANG_WARN__DUPLICATE_METHOD_MATCH = YES;
				COPY_PHASE_STRIP = NO;
				DEBUG_INFORMATION_FORMAT = dwarf;
				ENABLE_STRICT_OBJC_MSGSEND = YES;
				ENABLE_TESTABILITY = YES;
				GCC_C_LANGUAGE_STANDARD = gnu11;
				GCC_DYNAMIC_NO_PIC = NO;
				GCC_NO_COMMON_BLOCKS = YES;
				GCC_OPTIMIZATION_LEVEL = 0;
				GCC_PREPROCESSOR_DEFINITIONS = (
					"DEBUG=1",
					"$(inherited)",
				);
				GCC_WARN_64_TO_32_BIT_CONVERSION = YES;
				GCC_WARN_ABOUT_RETURN_TYPE = YES_ERROR;
				GCC_WARN_UNDECLARED_SELECTOR = YES;
				GCC_WARN_UNINITIALIZED_AUTOS = YES_AGGRESSIVE;
				GCC_WARN_UNUSED_FUNCTION = YES;
				GCC_WARN_UNUSED_VARIABLE = YES;
				IPHONEOS_DEPLOYMENT_TARGET = 13.2;
				MTL_ENABLE_DEBUG_INFO = INCLUDE_SOURCE;
				MTL_FAST_MATH = YES;
				ONLY_ACTIVE_ARCH = YES;
				SDKROOT = iphoneos;
				SWIFT_ACTIVE_COMPILATION_CONDITIONS = DEBUG;
				SWIFT_OPTIMIZATION_LEVEL = "-Onone";
			};
			name = Debug;
		};
		6024759D23714FAE001777E7 /* Release */ = {
			isa = XCBuildConfiguration;
			buildSettings = {
				ALWAYS_SEARCH_USER_PATHS = NO;
				CLANG_ANALYZER_NONNULL = YES;
				CLANG_ANALYZER_NUMBER_OBJECT_CONVERSION = YES_AGGRESSIVE;
				CLANG_CXX_LANGUAGE_STANDARD = "gnu++14";
				CLANG_CXX_LIBRARY = "libc++";
				CLANG_ENABLE_MODULES = YES;
				CLANG_ENABLE_OBJC_ARC = YES;
				CLANG_ENABLE_OBJC_WEAK = YES;
				CLANG_WARN_BLOCK_CAPTURE_AUTORELEASING = YES;
				CLANG_WARN_BOOL_CONVERSION = YES;
				CLANG_WARN_COMMA = YES;
				CLANG_WARN_CONSTANT_CONVERSION = YES;
				CLANG_WARN_DEPRECATED_OBJC_IMPLEMENTATIONS = YES;
				CLANG_WARN_DIRECT_OBJC_ISA_USAGE = YES_ERROR;
				CLANG_WARN_DOCUMENTATION_COMMENTS = YES;
				CLANG_WARN_EMPTY_BODY = YES;
				CLANG_WARN_ENUM_CONVERSION = YES;
				CLANG_WARN_INFINITE_RECURSION = YES;
				CLANG_WARN_INT_CONVERSION = YES;
				CLANG_WARN_NON_LITERAL_NULL_CONVERSION = YES;
				CLANG_WARN_OBJC_IMPLICIT_RETAIN_SELF = YES;
				CLANG_WARN_OBJC_LITERAL_CONVERSION = YES;
				CLANG_WARN_OBJC_ROOT_CLASS = YES_ERROR;
				CLANG_WARN_RANGE_LOOP_ANALYSIS = YES;
				CLANG_WARN_STRICT_PROTOTYPES = YES;
				CLANG_WARN_SUSPICIOUS_MOVE = YES;
				CLANG_WARN_UNGUARDED_AVAILABILITY = YES_AGGRESSIVE;
				CLANG_WARN_UNREACHABLE_CODE = YES;
				CLANG_WARN__DUPLICATE_METHOD_MATCH = YES;
				COPY_PHASE_STRIP = NO;
				DEBUG_INFORMATION_FORMAT = "dwarf-with-dsym";
				ENABLE_NS_ASSERTIONS = NO;
				ENABLE_STRICT_OBJC_MSGSEND = YES;
				GCC_C_LANGUAGE_STANDARD = gnu11;
				GCC_NO_COMMON_BLOCKS = YES;
				GCC_WARN_64_TO_32_BIT_CONVERSION = YES;
				GCC_WARN_ABOUT_RETURN_TYPE = YES_ERROR;
				GCC_WARN_UNDECLARED_SELECTOR = YES;
				GCC_WARN_UNINITIALIZED_AUTOS = YES_AGGRESSIVE;
				GCC_WARN_UNUSED_FUNCTION = YES;
				GCC_WARN_UNUSED_VARIABLE = YES;
				IPHONEOS_DEPLOYMENT_TARGET = 13.2;
				MTL_ENABLE_DEBUG_INFO = NO;
				MTL_FAST_MATH = YES;
				SDKROOT = iphoneos;
				SWIFT_COMPILATION_MODE = wholemodule;
				SWIFT_OPTIMIZATION_LEVEL = "-O";
				VALIDATE_PRODUCT = YES;
			};
			name = Release;
		};
		6024759F23714FAE001777E7 /* Debug */ = {
			isa = XCBuildConfiguration;
			buildSettings = {
				ASSETCATALOG_COMPILER_APPICON_NAME = AppIcon;
				CODE_SIGN_STYLE = Automatic;
				DEVELOPMENT_TEAM = T54Q3V4UTK;
				INFOPLIST_FILE = MusicApp/Info.plist;
				LD_RUNPATH_SEARCH_PATHS = (
					"$(inherited)",
					"@executable_path/Frameworks",
				);
				PRODUCT_BUNDLE_IDENTIFIER = com.brianbugieda.MusicApp;
				PRODUCT_NAME = Soundz;
				SWIFT_VERSION = 5.0;
				TARGETED_DEVICE_FAMILY = "1,2";
			};
			name = Debug;
		};
		602475A023714FAE001777E7 /* Release */ = {
			isa = XCBuildConfiguration;
			buildSettings = {
				ASSETCATALOG_COMPILER_APPICON_NAME = AppIcon;
				CODE_SIGN_STYLE = Automatic;
				DEVELOPMENT_TEAM = T54Q3V4UTK;
				INFOPLIST_FILE = MusicApp/Info.plist;
				LD_RUNPATH_SEARCH_PATHS = (
					"$(inherited)",
					"@executable_path/Frameworks",
				);
				PRODUCT_BUNDLE_IDENTIFIER = com.brianbugieda.MusicApp;
				PRODUCT_NAME = Soundz;
				SWIFT_VERSION = 5.0;
				TARGETED_DEVICE_FAMILY = "1,2";
			};
			name = Release;
		};
		602475A223714FAE001777E7 /* Debug */ = {
			isa = XCBuildConfiguration;
			buildSettings = {
				ALWAYS_EMBED_SWIFT_STANDARD_LIBRARIES = YES;
				BUNDLE_LOADER = "$(TEST_HOST)";
				CODE_SIGN_STYLE = Automatic;
				DEVELOPMENT_TEAM = T54Q3V4UTK;
				INFOPLIST_FILE = MusicAppTests/Info.plist;
				IPHONEOS_DEPLOYMENT_TARGET = 13.2;
				LD_RUNPATH_SEARCH_PATHS = (
					"$(inherited)",
					"@executable_path/Frameworks",
					"@loader_path/Frameworks",
				);
				PRODUCT_BUNDLE_IDENTIFIER = com.brianbugieda.MusicAppTests;
				PRODUCT_NAME = "$(TARGET_NAME)";
				SWIFT_VERSION = 5.0;
				TARGETED_DEVICE_FAMILY = "1,2";
				TEST_HOST = "$(BUILT_PRODUCTS_DIR)/MusicApp.app/MusicApp";
			};
			name = Debug;
		};
		602475A323714FAE001777E7 /* Release */ = {
			isa = XCBuildConfiguration;
			buildSettings = {
				ALWAYS_EMBED_SWIFT_STANDARD_LIBRARIES = YES;
				BUNDLE_LOADER = "$(TEST_HOST)";
				CODE_SIGN_STYLE = Automatic;
				DEVELOPMENT_TEAM = T54Q3V4UTK;
				INFOPLIST_FILE = MusicAppTests/Info.plist;
				IPHONEOS_DEPLOYMENT_TARGET = 13.2;
				LD_RUNPATH_SEARCH_PATHS = (
					"$(inherited)",
					"@executable_path/Frameworks",
					"@loader_path/Frameworks",
				);
				PRODUCT_BUNDLE_IDENTIFIER = com.brianbugieda.MusicAppTests;
				PRODUCT_NAME = "$(TARGET_NAME)";
				SWIFT_VERSION = 5.0;
				TARGETED_DEVICE_FAMILY = "1,2";
				TEST_HOST = "$(BUILT_PRODUCTS_DIR)/MusicApp.app/MusicApp";
			};
			name = Release;
		};
		602475A523714FAE001777E7 /* Debug */ = {
			isa = XCBuildConfiguration;
			buildSettings = {
				ALWAYS_EMBED_SWIFT_STANDARD_LIBRARIES = YES;
				CODE_SIGN_STYLE = Automatic;
				DEVELOPMENT_TEAM = T54Q3V4UTK;
				INFOPLIST_FILE = MusicAppUITests/Info.plist;
				LD_RUNPATH_SEARCH_PATHS = (
					"$(inherited)",
					"@executable_path/Frameworks",
					"@loader_path/Frameworks",
				);
				PRODUCT_BUNDLE_IDENTIFIER = com.brianbugieda.MusicAppUITests;
				PRODUCT_NAME = "$(TARGET_NAME)";
				SWIFT_VERSION = 5.0;
				TARGETED_DEVICE_FAMILY = "1,2";
				TEST_TARGET_NAME = MusicApp;
			};
			name = Debug;
		};
		602475A623714FAE001777E7 /* Release */ = {
			isa = XCBuildConfiguration;
			buildSettings = {
				ALWAYS_EMBED_SWIFT_STANDARD_LIBRARIES = YES;
				CODE_SIGN_STYLE = Automatic;
				DEVELOPMENT_TEAM = T54Q3V4UTK;
				INFOPLIST_FILE = MusicAppUITests/Info.plist;
				LD_RUNPATH_SEARCH_PATHS = (
					"$(inherited)",
					"@executable_path/Frameworks",
					"@loader_path/Frameworks",
				);
				PRODUCT_BUNDLE_IDENTIFIER = com.brianbugieda.MusicAppUITests;
				PRODUCT_NAME = "$(TARGET_NAME)";
				SWIFT_VERSION = 5.0;
				TARGETED_DEVICE_FAMILY = "1,2";
				TEST_TARGET_NAME = MusicApp;
			};
			name = Release;
		};
/* End XCBuildConfiguration section */

/* Begin XCConfigurationList section */
		6024756F23714FAB001777E7 /* Build configuration list for PBXProject "MusicApp" */ = {
			isa = XCConfigurationList;
			buildConfigurations = (
				6024759C23714FAE001777E7 /* Debug */,
				6024759D23714FAE001777E7 /* Release */,
			);
			defaultConfigurationIsVisible = 0;
			defaultConfigurationName = Release;
		};
		6024759E23714FAE001777E7 /* Build configuration list for PBXNativeTarget "MusicApp" */ = {
			isa = XCConfigurationList;
			buildConfigurations = (
				6024759F23714FAE001777E7 /* Debug */,
				602475A023714FAE001777E7 /* Release */,
			);
			defaultConfigurationIsVisible = 0;
			defaultConfigurationName = Release;
		};
		602475A123714FAE001777E7 /* Build configuration list for PBXNativeTarget "MusicAppTests" */ = {
			isa = XCConfigurationList;
			buildConfigurations = (
				602475A223714FAE001777E7 /* Debug */,
				602475A323714FAE001777E7 /* Release */,
			);
			defaultConfigurationIsVisible = 0;
			defaultConfigurationName = Release;
		};
		602475A423714FAE001777E7 /* Build configuration list for PBXNativeTarget "MusicAppUITests" */ = {
			isa = XCConfigurationList;
			buildConfigurations = (
				602475A523714FAE001777E7 /* Debug */,
				602475A623714FAE001777E7 /* Release */,
			);
			defaultConfigurationIsVisible = 0;
			defaultConfigurationName = Release;
		};
/* End XCConfigurationList section */
	};
	rootObject = 6024756C23714FAB001777E7 /* Project object */;
}
